
Microsoft Visual Studio Solution File, Format Version 12.00
# Visual Studio Version 17
VisualStudioVersion = 17.3.32901.215
MinimumVisualStudioVersion = 10.0.40219.1
Project("{FAE04EC0-301F-11D3-BF4B-00C04F79EFBC}") = "CSharp_Consumir_API", "CSharp_Consumir_API.csproj", "{A3F30FAB-8CD8-43E8-95AF-B67981A58B60}"
EndProject
Global
	GlobalSection(SolutionConfigurationPlatforms) = preSolution
		Debug|Any CPU = Debug|Any CPU
		Release|Any CPU = Release|Any CPU
	EndGlobalSection
	GlobalSection(ProjectConfigurationPlatforms) = postSolution
		{A3F30FAB-8CD8-43E8-95AF-B67981A58B60}.Debug|Any CPU.ActiveCfg = Debug|Any CPU
		{A3F30FAB-8CD8-43E8-95AF-B67981A58B60}.Debug|Any CPU.Build.0 = Debug|Any CPU
		{A3F30FAB-8CD8-43E8-95AF-B67981A58B60}.Release|Any CPU.ActiveCfg = Release|Any CPU
		{A3F30FAB-8CD8-43E8-95AF-B67981A58B60}.Release|Any CPU.Build.0 = Release|Any CPU
	EndGlobalSection
	GlobalSection(SolutionProperties) = preSolution
		HideSolutionNode = FALSE
	EndGlobalSection
	GlobalSection(ExtensibilityGlobals) = postSolution
		SolutionGuid = {AA18F621-A569-46D3-A300-752ED97F1CD3}
	EndGlobalSection
EndGlobal
